
Microsoft Visual Studio Solution File, Format Version 12.00
# Visual Studio 2012
Project("{FAE04EC0-301F-11D3-BF4B-00C04F79EFBC}") = "Ghostbuster", "Ghostbuster\Ghostbuster.csproj", "{C50CAA27-DB03-4077-9816-ABAEFC2FF9B7}"
	GlobalSection(PlasticSccProperties) = preSolution
		ControlledByPlastic = True
		SccProvider = Plastic SCM
	EndGlobalSection
EndProject
Project("{54435603-DBB4-11D2-8724-00A0C9A8B90C}") = "GhostBusterSetup", "GhostBusterSetup\GhostBusterSetup.vdproj", "{8DB7C606-3464-4443-A802-6EAA0549B104}"
	GlobalSection(PlasticSccProperties) = preSolution
		ControlledByPlastic = True
		SccProvider = Plastic SCM
	EndGlobalSection
EndProject
Project("{FAE04EC0-301F-11D3-BF4B-00C04F79EFBC}") = "IniFile", "..\LIBRARIES\IniFile\IniFile.csproj", "{32EF228C-E643-4276-8EAC-4AB8E002EA60}"
	GlobalSection(PlasticSccProperties) = preSolution
		ControlledByPlastic = True
		SccProvider = Plastic SCM
	EndGlobalSection
EndProject
Global
	GlobalSection(PlasticSccProperties) = preSolution
		ControlledByPlastic = True
		SccProvider = Plastic SCM
	EndGlobalSection
	GlobalSection(SolutionConfigurationPlatforms) = preSolution
		Debug|Any CPU = Debug|Any CPU
		Release|Any CPU = Release|Any CPU
	EndGlobalSection
	GlobalSection(ProjectConfigurationPlatforms) = postSolution
		{C50CAA27-DB03-4077-9816-ABAEFC2FF9B7}.Debug|Any CPU.ActiveCfg = Debug|Any CPU
		{C50CAA27-DB03-4077-9816-ABAEFC2FF9B7}.Debug|Any CPU.Build.0 = Debug|Any CPU
		{C50CAA27-DB03-4077-9816-ABAEFC2FF9B7}.Release|Any CPU.ActiveCfg = Release|Any CPU
		{C50CAA27-DB03-4077-9816-ABAEFC2FF9B7}.Release|Any CPU.Build.0 = Release|Any CPU
		{8DB7C606-3464-4443-A802-6EAA0549B104}.Debug|Any CPU.ActiveCfg = Debug
		{8DB7C606-3464-4443-A802-6EAA0549B104}.Release|Any CPU.ActiveCfg = Release
		{32EF228C-E643-4276-8EAC-4AB8E002EA60}.Debug|Any CPU.ActiveCfg = Debug|Any CPU
		{32EF228C-E643-4276-8EAC-4AB8E002EA60}.Debug|Any CPU.Build.0 = Debug|Any CPU
		{32EF228C-E643-4276-8EAC-4AB8E002EA60}.Release|Any CPU.ActiveCfg = Release|Any CPU
		{32EF228C-E643-4276-8EAC-4AB8E002EA60}.Release|Any CPU.Build.0 = Release|Any CPU
	EndGlobalSection
	GlobalSection(SolutionProperties) = preSolution
		HideSolutionNode = FALSE
	EndGlobalSection
EndGlobal
